
Microsoft Visual Studio Solution File, Format Version 12.00
# Visual Studio Version 17
VisualStudioVersion = 17.7.34018.315
MinimumVisualStudioVersion = 10.0.40219.1
Project("{9A19103F-16F7-4668-BE54-9A1E7A4F7556}") = "ShogiServer.WebApi", "ShogiServer.WebApi\ShogiServer.WebApi.csproj", "{C6F09E6A-A155-4E10-B39E-E321930D7E43}"
EndProject
Project("{9A19103F-16F7-4668-BE54-9A1E7A4F7556}") = "ShogiServer.UnitTests", "ShogiServer.UnitTests\ShogiServer.UnitTests.csproj", "{15CBCE87-76E9-4869-8C45-E69F558F341A}"
EndProject
Project("{9A19103F-16F7-4668-BE54-9A1E7A4F7556}") = "ShogiServer.IntegrationTests", "ShogiServer.IntegrationTests\ShogiServer.IntegrationTests.csproj", "{9D894A9E-E35F-47D2-9C94-F4639A797441}"
EndProject
Project("{FAE04EC0-301F-11D3-BF4B-00C04F79EFBC}") = "ShogiServer.EngineWrapper", "ShogiServer.EngineWrapper\ShogiServer.EngineWrapper.csproj", "{FF501377-6F16-4E80-8C80-3E197D98FF11}"
EndProject
Global
	GlobalSection(SolutionConfigurationPlatforms) = preSolution
		Debug|Any CPU = Debug|Any CPU
		Release|Any CPU = Release|Any CPU
	EndGlobalSection
	GlobalSection(ProjectConfigurationPlatforms) = postSolution
		{C6F09E6A-A155-4E10-B39E-E321930D7E43}.Debug|Any CPU.ActiveCfg = Debug|Any CPU
		{C6F09E6A-A155-4E10-B39E-E321930D7E43}.Debug|Any CPU.Build.0 = Debug|Any CPU
		{C6F09E6A-A155-4E10-B39E-E321930D7E43}.Release|Any CPU.ActiveCfg = Release|Any CPU
		{C6F09E6A-A155-4E10-B39E-E321930D7E43}.Release|Any CPU.Build.0 = Release|Any CPU
		{15CBCE87-76E9-4869-8C45-E69F558F341A}.Debug|Any CPU.ActiveCfg = Debug|Any CPU
		{15CBCE87-76E9-4869-8C45-E69F558F341A}.Debug|Any CPU.Build.0 = Debug|Any CPU
		{15CBCE87-76E9-4869-8C45-E69F558F341A}.Release|Any CPU.ActiveCfg = Release|Any CPU
		{15CBCE87-76E9-4869-8C45-E69F558F341A}.Release|Any CPU.Build.0 = Release|Any CPU
		{9D894A9E-E35F-47D2-9C94-F4639A797441}.Debug|Any CPU.ActiveCfg = Debug|Any CPU
		{9D894A9E-E35F-47D2-9C94-F4639A797441}.Debug|Any CPU.Build.0 = Debug|Any CPU
		{9D894A9E-E35F-47D2-9C94-F4639A797441}.Release|Any CPU.ActiveCfg = Release|Any CPU
		{9D894A9E-E35F-47D2-9C94-F4639A797441}.Release|Any CPU.Build.0 = Release|Any CPU
		{FF501377-6F16-4E80-8C80-3E197D98FF11}.Debug|Any CPU.ActiveCfg = Debug|Any CPU
		{FF501377-6F16-4E80-8C80-3E197D98FF11}.Debug|Any CPU.Build.0 = Debug|Any CPU
		{FF501377-6F16-4E80-8C80-3E197D98FF11}.Release|Any CPU.ActiveCfg = Release|Any CPU
		{FF501377-6F16-4E80-8C80-3E197D98FF11}.Release|Any CPU.Build.0 = Release|Any CPU
	EndGlobalSection
	GlobalSection(SolutionProperties) = preSolution
		HideSolutionNode = FALSE
	EndGlobalSection
	GlobalSection(ExtensibilityGlobals) = postSolution
		SolutionGuid = {EBF5041F-24AC-42C8-ACCC-00D8B1845052}
	EndGlobalSection
EndGlobal
